{
  "nodes": {
    "nixpkgs": {
      "locked": {
        "lastModified": 1695346609,
        "narHash": "sha256-jur+AjgRvablLA2oBvC4FD89zCXttVQDwi6OXk5x/14=",
        "owner": "NixOS",
        "repo": "nixpkgs",
        "rev": "e9b4b56e5a20ac322c0c01ccab7ec697ab076ea0",
        "type": "github"
      },
      "original": {
        "owner": "NixOS",
        "ref": "nixos-23.05",
        "repo": "nixpkgs",
        "type": "github"
      }
    },
    "root": {
      "inputs": {
        "nixpkgs": "nixpkgs"
      }
    }
  },
  "root": "root",
  "version": 7
}
